
Microsoft Visual Studio Solution File, Format Version 12.00
# Visual Studio Version 17
VisualStudioVersion = 17.11.35222.181
MinimumVisualStudioVersion = 10.0.40219.1
Project("{9A19103F-16F7-4668-BE54-9A1E7A4F7556}") = "JoinMeNow", "JoinMeNow\JoinMeNow.csproj", "{BA98B098-2C49-4BE5-BC24-C01CD8DEB899}"
EndProject
Global
	GlobalSection(SolutionConfigurationPlatforms) = preSolution
		Debug|Any CPU = Debug|Any CPU
		Release|Any CPU = Release|Any CPU
	EndGlobalSection
	GlobalSection(ProjectConfigurationPlatforms) = postSolution
		{BA98B098-2C49-4BE5-BC24-C01CD8DEB899}.Debug|Any CPU.ActiveCfg = Release|Any CPU
		{BA98B098-2C49-4BE5-BC24-C01CD8DEB899}.Debug|Any CPU.Build.0 = Release|Any CPU
		{BA98B098-2C49-4BE5-BC24-C01CD8DEB899}.Release|Any CPU.ActiveCfg = Release|Any CPU
		{BA98B098-2C49-4BE5-BC24-C01CD8DEB899}.Release|Any CPU.Build.0 = Release|Any CPU
	EndGlobalSection
	GlobalSection(SolutionProperties) = preSolution
		HideSolutionNode = FALSE
	EndGlobalSection
	GlobalSection(ExtensibilityGlobals) = postSolution
		SolutionGuid = {C91F5971-4FD0-46BE-B858-51BA7999A4B7}
	EndGlobalSection
EndGlobal
